// !$*UTF8*$!
{
	archiveVersion = 1;
	classes = {
	};
	objectVersion = 46;
	objects = {

/* Begin PBXBuildFile section */
		654ACF111C88536100659164 /* FileMD5Hash.c in Sources */ = {isa = PBXBuildFile; fileRef = 654ACF0F1C88536100659164 /* FileMD5Hash.c */; };
		654C0FE61C23F0010052E1D1 /* AppDelegate.swift in Sources */ = {isa = PBXBuildFile; fileRef = 654C0FE51C23F0010052E1D1 /* AppDelegate.swift */; };
		654C0FEB1C23F0010052E1D1 /* Main.storyboard in Resources */ = {isa = PBXBuildFile; fileRef = 654C0FE91C23F0010052E1D1 /* Main.storyboard */; };
		654C0FED1C23F0010052E1D1 /* Assets.xcassets in Resources */ = {isa = PBXBuildFile; fileRef = 654C0FEC1C23F0010052E1D1 /* Assets.xcassets */; };
		654C0FF01C23F0010052E1D1 /* LaunchScreen.storyboard in Resources */ = {isa = PBXBuildFile; fileRef = 654C0FEE1C23F0010052E1D1 /* LaunchScreen.storyboard */; };
		654C0FFB1C23F0010052E1D1 /* j131_tk_iOSTests.swift in Sources */ = {isa = PBXBuildFile; fileRef = 654C0FFA1C23F0010052E1D1 /* j131_tk_iOSTests.swift */; };
		654C10061C23F0010052E1D1 /* j131_tk_iOSUITests.swift in Sources */ = {isa = PBXBuildFile; fileRef = 654C10051C23F0010052E1D1 /* j131_tk_iOSUITests.swift */; };
		656455521C86E0F100D83EB0 /* ItemCell.swift in Sources */ = {isa = PBXBuildFile; fileRef = 656455501C86E0F100D83EB0 /* ItemCell.swift */; };
		656455531C86E0F100D83EB0 /* ItemCell.xib in Resources */ = {isa = PBXBuildFile; fileRef = 656455511C86E0F100D83EB0 /* ItemCell.xib */; };
		658601651C85B8CE00D621BB /* MainController.swift in Sources */ = {isa = PBXBuildFile; fileRef = 658601641C85B8CE00D621BB /* MainController.swift */; };
		65AB46CC1C85ABCF00E1EA38 /* ApiRequest.swift in Sources */ = {isa = PBXBuildFile; fileRef = 65AB46C71C85ABCF00E1EA38 /* ApiRequest.swift */; };
		65AB46CD1C85ABCF00E1EA38 /* FileList.swift in Sources */ = {isa = PBXBuildFile; fileRef = 65AB46C81C85ABCF00E1EA38 /* FileList.swift */; };
		65AB46CE1C85ABCF00E1EA38 /* HttpRequest.swift in Sources */ = {isa = PBXBuildFile; fileRef = 65AB46C91C85ABCF00E1EA38 /* HttpRequest.swift */; };
		65AB46CF1C85ABCF00E1EA38 /* Queue.swift in Sources */ = {isa = PBXBuildFile; fileRef = 65AB46CA1C85ABCF00E1EA38 /* Queue.swift */; };
		65AB46D01C85ABCF00E1EA38 /* Stack.swift in Sources */ = {isa = PBXBuildFile; fileRef = 65AB46CB1C85ABCF00E1EA38 /* Stack.swift */; };
/* End PBXBuildFile section */

/* Begin PBXContainerItemProxy section */
		654C0FF71C23F0010052E1D1 /* PBXContainerItemProxy */ = {
			isa = PBXContainerItemProxy;
			containerPortal = 654C0FDA1C23F0000052E1D1 /* Project object */;
			proxyType = 1;
			remoteGlobalIDString = 654C0FE11C23F0000052E1D1;
			remoteInfo = "j131.tk-iOS";
		};
		654C10021C23F0010052E1D1 /* PBXContainerItemProxy */ = {
			isa = PBXContainerItemProxy;
			containerPortal = 654C0FDA1C23F0000052E1D1 /* Project object */;
			proxyType = 1;
			remoteGlobalIDString = 654C0FE11C23F0000052E1D1;
			remoteInfo = "j131.tk-iOS";
		};
/* End PBXContainerItemProxy section */

/* Begin PBXFileReference section */
		654ACF0E1C88536000659164 /* j131.tk-Bridging-Header.h */ = {isa = PBXFileReference; lastKnownFileType = sourcecode.c.h; path = "j131.tk-Bridging-Header.h"; sourceTree = "<group>"; };
		654ACF0F1C88536100659164 /* FileMD5Hash.c */ = {isa = PBXFileReference; fileEncoding = 4; lastKnownFileType = sourcecode.c.c; path = FileMD5Hash.c; sourceTree = "<group>"; };
		654C0FE21C23F0000052E1D1 /* j131.tk.app */ = {isa = PBXFileReference; explicitFileType = wrapper.application; includeInIndex = 0; path = j131.tk.app; sourceTree = BUILT_PRODUCTS_DIR; };
		654C0FE51C23F0010052E1D1 /* AppDelegate.swift */ = {isa = PBXFileReference; lastKnownFileType = sourcecode.swift; path = AppDelegate.swift; sourceTree = "<group>"; };
		654C0FEA1C23F0010052E1D1 /* Base */ = {isa = PBXFileReference; lastKnownFileType = file.storyboard; name = Base; path = Base.lproj/Main.storyboard; sourceTree = "<group>"; };
		654C0FEC1C23F0010052E1D1 /* Assets.xcassets */ = {isa = PBXFileReference; lastKnownFileType = folder.assetcatalog; path = Assets.xcassets; sourceTree = "<group>"; };
		654C0FEF1C23F0010052E1D1 /* Base */ = {isa = PBXFileReference; lastKnownFileType = file.storyboard; name = Base; path = Base.lproj/LaunchScreen.storyboard; sourceTree = "<group>"; };
		654C0FF11C23F0010052E1D1 /* Info.plist */ = {isa = PBXFileReference; lastKnownFileType = text.plist.xml; path = Info.plist; sourceTree = "<group>"; };
		654C0FF61C23F0010052E1D1 /* j131.tk.xctest */ = {isa = PBXFileReference; explicitFileType = wrapper.cfbundle; includeInIndex = 0; path = j131.tk.xctest; sourceTree = BUILT_PRODUCTS_DIR; };
		654C0FFA1C23F0010052E1D1 /* j131_tk_iOSTests.swift */ = {isa = PBXFileReference; lastKnownFileType = sourcecode.swift; path = j131_tk_iOSTests.swift; sourceTree = "<group>"; };
		654C0FFC1C23F0010052E1D1 /* Info.plist */ = {isa = PBXFileReference; lastKnownFileType = text.plist.xml; path = Info.plist; sourceTree = "<group>"; };
		654C10011C23F0010052E1D1 /* j131.tk.xctest */ = {isa = PBXFileReference; explicitFileType = wrapper.cfbundle; includeInIndex = 0; path = j131.tk.xctest; sourceTree = BUILT_PRODUCTS_DIR; };
		654C10051C23F0010052E1D1 /* j131_tk_iOSUITests.swift */ = {isa = PBXFileReference; lastKnownFileType = sourcecode.swift; path = j131_tk_iOSUITests.swift; sourceTree = "<group>"; };
		654C10071C23F0010052E1D1 /* Info.plist */ = {isa = PBXFileReference; lastKnownFileType = text.plist.xml; path = Info.plist; sourceTree = "<group>"; };
		656455501C86E0F100D83EB0 /* ItemCell.swift */ = {isa = PBXFileReference; fileEncoding = 4; lastKnownFileType = sourcecode.swift; path = ItemCell.swift; sourceTree = "<group>"; };
		656455511C86E0F100D83EB0 /* ItemCell.xib */ = {isa = PBXFileReference; fileEncoding = 4; lastKnownFileType = file.xib; path = ItemCell.xib; sourceTree = "<group>"; };
		658601641C85B8CE00D621BB /* MainController.swift */ = {isa = PBXFileReference; fileEncoding = 4; lastKnownFileType = sourcecode.swift; path = MainController.swift; sourceTree = "<group>"; };
		65AB46C71C85ABCF00E1EA38 /* ApiRequest.swift */ = {isa = PBXFileReference; fileEncoding = 4; lastKnownFileType = sourcecode.swift; path = ApiRequest.swift; sourceTree = "<group>"; };
		65AB46C81C85ABCF00E1EA38 /* FileList.swift */ = {isa = PBXFileReference; fileEncoding = 4; lastKnownFileType = sourcecode.swift; path = FileList.swift; sourceTree = "<group>"; };
		65AB46C91C85ABCF00E1EA38 /* HttpRequest.swift */ = {isa = PBXFileReference; fileEncoding = 4; lastKnownFileType = sourcecode.swift; path = HttpRequest.swift; sourceTree = "<group>"; };
		65AB46CA1C85ABCF00E1EA38 /* Queue.swift */ = {isa = PBXFileReference; fileEncoding = 4; lastKnownFileType = sourcecode.swift; path = Queue.swift; sourceTree = "<group>"; };
		65AB46CB1C85ABCF00E1EA38 /* Stack.swift */ = {isa = PBXFileReference; fileEncoding = 4; lastKnownFileType = sourcecode.swift; path = Stack.swift; sourceTree = "<group>"; };
/* End PBXFileReference section */

/* Begin PBXFrameworksBuildPhase section */
		654C0FDF1C23F0000052E1D1 /* Frameworks */ = {
			isa = PBXFrameworksBuildPhase;
			buildActionMask = 2147483647;
			files = (
			);
			runOnlyForDeploymentPostprocessing = 0;
		};
		654C0FF31C23F0010052E1D1 /* Frameworks */ = {
			isa = PBXFrameworksBuildPhase;
			buildActionMask = 2147483647;
			files = (
			);
			runOnlyForDeploymentPostprocessing = 0;
		};
		654C0FFE1C23F0010052E1D1 /* Frameworks */ = {
			isa = PBXFrameworksBuildPhase;
			buildActionMask = 2147483647;
			files = (
			);
			runOnlyForDeploymentPostprocessing = 0;
		};
/* End PBXFrameworksBuildPhase section */

/* Begin PBXGroup section */
		654C0FD91C23F0000052E1D1 = {
			isa = PBXGroup;
			children = (
				654C0FE41C23F0010052E1D1 /* j131.tk-iOS */,
				654C0FF91C23F0010052E1D1 /* j131.tk-iOSTests */,
				654C10041C23F0010052E1D1 /* j131.tk-iOSUITests */,
				654C0FE31C23F0000052E1D1 /* Products */,
			);
			sourceTree = "<group>";
		};
		654C0FE31C23F0000052E1D1 /* Products */ = {
			isa = PBXGroup;
			children = (
				654C0FE21C23F0000052E1D1 /* j131.tk.app */,
				654C0FF61C23F0010052E1D1 /* j131.tk.xctest */,
				654C10011C23F0010052E1D1 /* j131.tk.xctest */,
			);
			name = Products;
			sourceTree = "<group>";
		};
		654C0FE41C23F0010052E1D1 /* j131.tk-iOS */ = {
			isa = PBXGroup;
			children = (
				656455481C86B55700D83EB0 /* view */,
				658601631C85B89800D621BB /* controller */,
				658601621C85B88600D621BB /* model */,
				658601611C85B87400D621BB /* lib */,
				654C0FE51C23F0010052E1D1 /* AppDelegate.swift */,
				654C0FEC1C23F0010052E1D1 /* Assets.xcassets */,
				654C0FF11C23F0010052E1D1 /* Info.plist */,
			);
			path = "j131.tk-iOS";
			sourceTree = "<group>";
		};
		654C0FF91C23F0010052E1D1 /* j131.tk-iOSTests */ = {
			isa = PBXGroup;
			children = (
				654C0FFA1C23F0010052E1D1 /* j131_tk_iOSTests.swift */,
				654C0FFC1C23F0010052E1D1 /* Info.plist */,
			);
			path = "j131.tk-iOSTests";
			sourceTree = "<group>";
		};
		654C10041C23F0010052E1D1 /* j131.tk-iOSUITests */ = {
			isa = PBXGroup;
			children = (
				654C10051C23F0010052E1D1 /* j131_tk_iOSUITests.swift */,
				654C10071C23F0010052E1D1 /* Info.plist */,
			);
			path = "j131.tk-iOSUITests";
			sourceTree = "<group>";
		};
		656455481C86B55700D83EB0 /* view */ = {
			isa = PBXGroup;
			children = (
				654C0FEE1C23F0010052E1D1 /* LaunchScreen.storyboard */,
				654C0FE91C23F0010052E1D1 /* Main.storyboard */,
				656455501C86E0F100D83EB0 /* ItemCell.swift */,
				656455511C86E0F100D83EB0 /* ItemCell.xib */,
			);
			name = view;
			sourceTree = "<group>";
		};
		658601611C85B87400D621BB /* lib */ = {
			isa = PBXGroup;
			children = (
				65AB46C71C85ABCF00E1EA38 /* ApiRequest.swift */,
				65AB46C91C85ABCF00E1EA38 /* HttpRequest.swift */,
				65AB46CA1C85ABCF00E1EA38 /* Queue.swift */,
				65AB46CB1C85ABCF00E1EA38 /* Stack.swift */,
				654ACF0F1C88536100659164 /* FileMD5Hash.c */,
				654ACF0E1C88536000659164 /* j131.tk-Bridging-Header.h */,
			);
			name = lib;
			sourceTree = "<group>";
		};
		658601621C85B88600D621BB /* model */ = {
			isa = PBXGroup;
			children = (
				65AB46C81C85ABCF00E1EA38 /* FileList.swift */,
			);
			name = model;
			sourceTree = "<group>";
		};
		658601631C85B89800D621BB /* controller */ = {
			isa = PBXGroup;
			children = (
				658601641C85B8CE00D621BB /* MainController.swift */,
			);
			name = controller;
			sourceTree = "<group>";
		};
/* End PBXGroup section */

/* Begin PBXNativeTarget section */
		654C0FE11C23F0000052E1D1 /* j131.tk */ = {
			isa = PBXNativeTarget;
			buildConfigurationList = 654C100A1C23F0010052E1D1 /* Build configuration list for PBXNativeTarget "j131.tk" */;
			buildPhases = (
				654C0FDE1C23F0000052E1D1 /* Sources */,
				654C0FDF1C23F0000052E1D1 /* Frameworks */,
				654C0FE01C23F0000052E1D1 /* Resources */,
			);
			buildRules = (
			);
			dependencies = (
			);
			name = j131.tk;
			productName = "j131.tk-iOS";
			productReference = 654C0FE21C23F0000052E1D1 /* j131.tk.app */;
			productType = "com.apple.product-type.application";
		};
		654C0FF51C23F0010052E1D1 /* j131.tkTests */ = {
			isa = PBXNativeTarget;
			buildConfigurationList = 654C100D1C23F0010052E1D1 /* Build configuration list for PBXNativeTarget "j131.tkTests" */;
			buildPhases = (
				654C0FF21C23F0010052E1D1 /* Sources */,
				654C0FF31C23F0010052E1D1 /* Frameworks */,
				654C0FF41C23F0010052E1D1 /* Resources */,
			);
			buildRules = (
			);
			dependencies = (
				654C0FF81C23F0010052E1D1 /* PBXTargetDependency */,
			);
			name = j131.tkTests;
			productName = "j131.tk-iOSTests";
			productReference = 654C0FF61C23F0010052E1D1 /* j131.tk.xctest */;
			productType = "com.apple.product-type.bundle.unit-test";
		};
		654C10001C23F0010052E1D1 /* j131.tkUITests */ = {
			isa = PBXNativeTarget;
			buildConfigurationList = 654C10101C23F0010052E1D1 /* Build configuration list for PBXNativeTarget "j131.tkUITests" */;
			buildPhases = (
				654C0FFD1C23F0010052E1D1 /* Sources */,
				654C0FFE1C23F0010052E1D1 /* Frameworks */,
				654C0FFF1C23F0010052E1D1 /* Resources */,
			);
			buildRules = (
			);
			dependencies = (
				654C10031C23F0010052E1D1 /* PBXTargetDependency */,
			);
			name = j131.tkUITests;
			productName = "j131.tk-iOSUITests";
			productReference = 654C10011C23F0010052E1D1 /* j131.tk.xctest */;
			productType = "com.apple.product-type.bundle.ui-testing";
		};
/* End PBXNativeTarget section */

/* Begin PBXProject section */
		654C0FDA1C23F0000052E1D1 /* Project object */ = {
			isa = PBXProject;
			attributes = {
				LastSwiftUpdateCheck = 0730;
				LastUpgradeCheck = 0720;
				ORGANIZATIONNAME = Daniel;
				TargetAttributes = {
					654C0FE11C23F0000052E1D1 = {
						CreatedOnToolsVersion = 7.2;
						DevelopmentTeam = 5P4CLYG8G2;
					};
					654C0FF51C23F0010052E1D1 = {
						CreatedOnToolsVersion = 7.2;
						TestTargetID = 654C0FE11C23F0000052E1D1;
					};
					654C10001C23F0010052E1D1 = {
						CreatedOnToolsVersion = 7.2;
						TestTargetID = 654C0FE11C23F0000052E1D1;
					};
				};
			};
			buildConfigurationList = 654C0FDD1C23F0000052E1D1 /* Build configuration list for PBXProject "j131.tk" */;
			compatibilityVersion = "Xcode 3.2";
			developmentRegion = English;
			hasScannedForEncodings = 0;
			knownRegions = (
				en,
				Base,
			);
			mainGroup = 654C0FD91C23F0000052E1D1;
			productRefGroup = 654C0FE31C23F0000052E1D1 /* Products */;
			projectDirPath = "";
			projectRoot = "";
			targets = (
				654C0FE11C23F0000052E1D1 /* j131.tk */,
				654C0FF51C23F0010052E1D1 /* j131.tkTests */,
				654C10001C23F0010052E1D1 /* j131.tkUITests */,
			);
		};
/* End PBXProject section */

/* Begin PBXResourcesBuildPhase section */
		654C0FE01C23F0000052E1D1 /* Resources */ = {
			isa = PBXResourcesBuildPhase;
			buildActionMask = 2147483647;
			files = (
				656455531C86E0F100D83EB0 /* ItemCell.xib in Resources */,
				654C0FF01C23F0010052E1D1 /* LaunchScreen.storyboard in Resources */,
				654C0FED1C23F0010052E1D1 /* Assets.xcassets in Resources */,
				654C0FEB1C23F0010052E1D1 /* Main.storyboard in Resources */,
			);
			runOnlyForDeploymentPostprocessing = 0;
		};
		654C0FF41C23F0010052E1D1 /* Resources */ = {
			isa = PBXResourcesBuildPhase;
			buildActionMask = 2147483647;
			files = (
			);
			runOnlyForDeploymentPostprocessing = 0;
		};
		654C0FFF1C23F0010052E1D1 /* Resources */ = {
			isa = PBXResourcesBuildPhase;
			buildActionMask = 2147483647;
			files = (
			);
			runOnlyForDeploymentPostprocessing = 0;
		};
/* End PBXResourcesBuildPhase section */

/* Begin PBXSourcesBuildPhase section */
		654C0FDE1C23F0000052E1D1 /* Sources */ = {
			isa = PBXSourcesBuildPhase;
			buildActionMask = 2147483647;
			files = (
				65AB46CF1C85ABCF00E1EA38 /* Queue.swift in Sources */,
				656455521C86E0F100D83EB0 /* ItemCell.swift in Sources */,
				654ACF111C88536100659164 /* FileMD5Hash.c in Sources */,
				658601651C85B8CE00D621BB /* MainController.swift in Sources */,
				65AB46D01C85ABCF00E1EA38 /* Stack.swift in Sources */,
				65AB46CE1C85ABCF00E1EA38 /* HttpRequest.swift in Sources */,
				65AB46CD1C85ABCF00E1EA38 /* FileList.swift in Sources */,
				654C0FE61C23F0010052E1D1 /* AppDelegate.swift in Sources */,
				65AB46CC1C85ABCF00E1EA38 /* ApiRequest.swift in Sources */,
			);
			runOnlyForDeploymentPostprocessing = 0;
		};
		654C0FF21C23F0010052E1D1 /* Sources */ = {
			isa = PBXSourcesBuildPhase;
			buildActionMask = 2147483647;
			files = (
				654C0FFB1C23F0010052E1D1 /* j131_tk_iOSTests.swift in Sources */,
			);
			runOnlyForDeploymentPostprocessing = 0;
		};
		654C0FFD1C23F0010052E1D1 /* Sources */ = {
			isa = PBXSourcesBuildPhase;
			buildActionMask = 2147483647;
			files = (
				654C10061C23F0010052E1D1 /* j131_tk_iOSUITests.swift in Sources */,
			);
			runOnlyForDeploymentPostprocessing = 0;
		};
/* End PBXSourcesBuildPhase section */

/* Begin PBXTargetDependency section */
		654C0FF81C23F0010052E1D1 /* PBXTargetDependency */ = {
			isa = PBXTargetDependency;
			target = 654C0FE11C23F0000052E1D1 /* j131.tk */;
			targetProxy = 654C0FF71C23F0010052E1D1 /* PBXContainerItemProxy */;
		};
		654C10031C23F0010052E1D1 /* PBXTargetDependency */ = {
			isa = PBXTargetDependency;
			target = 654C0FE11C23F0000052E1D1 /* j131.tk */;
			targetProxy = 654C10021C23F0010052E1D1 /* PBXContainerItemProxy */;
		};
/* End PBXTargetDependency section */

/* Begin PBXVariantGroup section */
		654C0FE91C23F0010052E1D1 /* Main.storyboard */ = {
			isa = PBXVariantGroup;
			children = (
				654C0FEA1C23F0010052E1D1 /* Base */,
			);
			name = Main.storyboard;
			sourceTree = "<group>";
		};
		654C0FEE1C23F0010052E1D1 /* LaunchScreen.storyboard */ = {
			isa = PBXVariantGroup;
			children = (
				654C0FEF1C23F0010052E1D1 /* Base */,
			);
			name = LaunchScreen.storyboard;
			sourceTree = "<group>";
		};
/* End PBXVariantGroup section */

/* Begin XCBuildConfiguration section */
		654C10081C23F0010052E1D1 /* Debug */ = {
			isa = XCBuildConfiguration;
			buildSettings = {
				ALWAYS_SEARCH_USER_PATHS = NO;
				CLANG_CXX_LANGUAGE_STANDARD = "gnu++0x";
				CLANG_CXX_LIBRARY = "libc++";
				CLANG_ENABLE_MODULES = YES;
				CLANG_ENABLE_OBJC_ARC = YES;
				CLANG_WARN_BOOL_CONVERSION = YES;
				CLANG_WARN_CONSTANT_CONVERSION = YES;
				CLANG_WARN_DIRECT_OBJC_ISA_USAGE = YES_ERROR;
				CLANG_WARN_EMPTY_BODY = YES;
				CLANG_WARN_ENUM_CONVERSION = YES;
				CLANG_WARN_INT_CONVERSION = YES;
				CLANG_WARN_OBJC_ROOT_CLASS = YES_ERROR;
				CLANG_WARN_UNREACHABLE_CODE = YES;
				CLANG_WARN__DUPLICATE_METHOD_MATCH = YES;
				"CODE_SIGN_IDENTITY[sdk=iphoneos*]" = "iPhone Developer";
				COPY_PHASE_STRIP = NO;
				DEBUG_INFORMATION_FORMAT = dwarf;
				ENABLE_STRICT_OBJC_MSGSEND = YES;
				ENABLE_TESTABILITY = YES;
				GCC_C_LANGUAGE_STANDARD = gnu99;
				GCC_DYNAMIC_NO_PIC = NO;
				GCC_NO_COMMON_BLOCKS = YES;
				GCC_OPTIMIZATION_LEVEL = 0;
				GCC_PREPROCESSOR_DEFINITIONS = (
					"DEBUG=1",
					"$(inherited)",
				);
				GCC_WARN_64_TO_32_BIT_CONVERSION = YES;
				GCC_WARN_ABOUT_RETURN_TYPE = YES_ERROR;
				GCC_WARN_UNDECLARED_SELECTOR = YES;
				GCC_WARN_UNINITIALIZED_AUTOS = YES_AGGRESSIVE;
				GCC_WARN_UNUSED_FUNCTION = YES;
				GCC_WARN_UNUSED_VARIABLE = YES;
				IPHONEOS_DEPLOYMENT_TARGET = 9.2;
				MTL_ENABLE_DEBUG_INFO = YES;
				ONLY_ACTIVE_ARCH = YES;
				SDKROOT = iphoneos;
				SWIFT_OPTIMIZATION_LEVEL = "-Onone";
				TARGETED_DEVICE_FAMILY = "1,2";
			};
			name = Debug;
		};
		654C10091C23F0010052E1D1 /* Release */ = {
			isa = XCBuildConfiguration;
			buildSettings = {
				ALWAYS_SEARCH_USER_PATHS = NO;
				CLANG_CXX_LANGUAGE_STANDARD = "gnu++0x";
				CLANG_CXX_LIBRARY = "libc++";
				CLANG_ENABLE_MODULES = YES;
				CLANG_ENABLE_OBJC_ARC = YES;
				CLANG_WARN_BOOL_CONVERSION = YES;
				CLANG_WARN_CONSTANT_CONVERSION = YES;
				CLANG_WARN_DIRECT_OBJC_ISA_USAGE = YES_ERROR;
				CLANG_WARN_EMPTY_BODY = YES;
				CLANG_WARN_ENUM_CONVERSION = YES;
				CLANG_WARN_INT_CONVERSION = YES;
				CLANG_WARN_OBJC_ROOT_CLASS = YES_ERROR;
				CLANG_WARN_UNREACHABLE_CODE = YES;
				CLANG_WARN__DUPLICATE_METHOD_MATCH = YES;
				"CODE_SIGN_IDENTITY[sdk=iphoneos*]" = "iPhone Developer";
				COPY_PHASE_STRIP = NO;
				DEBUG_INFORMATION_FORMAT = "dwarf-with-dsym";
				ENABLE_NS_ASSERTIONS = NO;
				ENABLE_STRICT_OBJC_MSGSEND = YES;
				GCC_C_LANGUAGE_STANDARD = gnu99;
				GCC_NO_COMMON_BLOCKS = YES;
				GCC_WARN_64_TO_32_BIT_CONVERSION = YES;
				GCC_WARN_ABOUT_RETURN_TYPE = YES_ERROR;
				GCC_WARN_UNDECLARED_SELECTOR = YES;
				GCC_WARN_UNINITIALIZED_AUTOS = YES_AGGRESSIVE;
				GCC_WARN_UNUSED_FUNCTION = YES;
				GCC_WARN_UNUSED_VARIABLE = YES;
				IPHONEOS_DEPLOYMENT_TARGET = 9.2;
				MTL_ENABLE_DEBUG_INFO = NO;
				SDKROOT = iphoneos;
				TARGETED_DEVICE_FAMILY = "1,2";
				VALIDATE_PRODUCT = YES;
			};
			name = Release;
		};
		654C100B1C23F0010052E1D1 /* Debug */ = {
			isa = XCBuildConfiguration;
			buildSettings = {
				ASSETCATALOG_COMPILER_APPICON_NAME = AppIcon;
				CLANG_ENABLE_MODULES = YES;
				CODE_SIGN_IDENTITY = "iPhone Developer";
				INFOPLIST_FILE = "j131.tk-iOS/Info.plist";
				IPHONEOS_DEPLOYMENT_TARGET = 8.0;
				LD_RUNPATH_SEARCH_PATHS = "$(inherited) @executable_path/Frameworks";
				PRODUCT_BUNDLE_IDENTIFIER = tk.j131.iOS;
				PRODUCT_NAME = j131.tk;
				SWIFT_OBJC_BRIDGING_HEADER = "j131.tk-iOS/j131.tk-Bridging-Header.h";
				SWIFT_OPTIMIZATION_LEVEL = "-Onone";
			};
			name = Debug;
		};
		654C100C1C23F0010052E1D1 /* Release */ = {
			isa = XCBuildConfiguration;
			buildSettings = {
				ASSETCATALOG_COMPILER_APPICON_NAME = AppIcon;
				CLANG_ENABLE_MODULES = YES;
				CODE_SIGN_IDENTITY = "iPhone Developer";
				INFOPLIST_FILE = "j131.tk-iOS/Info.plist";
				IPHONEOS_DEPLOYMENT_TARGET = 8.0;
				LD_RUNPATH_SEARCH_PATHS = "$(inherited) @executable_path/Frameworks";
				PRODUCT_BUNDLE_IDENTIFIER = tk.j131.iOS;
				PRODUCT_NAME = j131.tk;
				SWIFT_OBJC_BRIDGING_HEADER = "j131.tk-iOS/j131.tk-Bridging-Header.h";
			};
			name = Release;
		};
		654C100E1C23F0010052E1D1 /* Debug */ = {
			isa = XCBuildConfiguration;
			buildSettings = {
				BUNDLE_LOADER = "$(TEST_HOST)";
				INFOPLIST_FILE = "j131.tk-iOSTests/Info.plist";
				LD_RUNPATH_SEARCH_PATHS = "$(inherited) @executable_path/Frameworks @loader_path/Frameworks";
				PRODUCT_BUNDLE_IDENTIFIER = "tk.j131.iOS.j131-tk-iOSTests";
				PRODUCT_NAME = j131.tk;
				TEST_HOST = "$(BUILT_PRODUCTS_DIR)/j131.tk.app/j131.tk";
			};
			name = Debug;
		};
		654C100F1C23F0010052E1D1 /* Release */ = {
			isa = XCBuildConfiguration;
			buildSettings = {
				BUNDLE_LOADER = "$(TEST_HOST)";
				INFOPLIST_FILE = "j131.tk-iOSTests/Info.plist";
				LD_RUNPATH_SEARCH_PATHS = "$(inherited) @executable_path/Frameworks @loader_path/Frameworks";
				PRODUCT_BUNDLE_IDENTIFIER = "tk.j131.iOS.j131-tk-iOSTests";
				PRODUCT_NAME = j131.tk;
				TEST_HOST = "$(BUILT_PRODUCTS_DIR)/j131.tk.app/j131.tk";
			};
			name = Release;
		};
		654C10111C23F0010052E1D1 /* Debug */ = {
			isa = XCBuildConfiguration;
			buildSettings = {
				INFOPLIST_FILE = "j131.tk-iOSUITests/Info.plist";
				LD_RUNPATH_SEARCH_PATHS = "$(inherited) @executable_path/Frameworks @loader_path/Frameworks";
				PRODUCT_BUNDLE_IDENTIFIER = "tk.j131.iOS.j131-tk-iOSUITests";
				PRODUCT_NAME = j131.tk;
				TEST_TARGET_NAME = "j131.tk-iOS";
				USES_XCTRUNNER = YES;
			};
			name = Debug;
		};
		654C10121C23F0010052E1D1 /* Release */ = {
			isa = XCBuildConfiguration;
			buildSettings = {
				INFOPLIST_FILE = "j131.tk-iOSUITests/Info.plist";
				LD_RUNPATH_SEARCH_PATHS = "$(inherited) @executable_path/Frameworks @loader_path/Frameworks";
				PRODUCT_BUNDLE_IDENTIFIER = "tk.j131.iOS.j131-tk-iOSUITests";
				PRODUCT_NAME = j131.tk;
				TEST_TARGET_NAME = "j131.tk-iOS";
				USES_XCTRUNNER = YES;
			};
			name = Release;
		};
/* End XCBuildConfiguration section */

/* Begin XCConfigurationList section */
		654C0FDD1C23F0000052E1D1 /* Build configuration list for PBXProject "j131.tk" */ = {
			isa = XCConfigurationList;
			buildConfigurations = (
				654C10081C23F0010052E1D1 /* Debug */,
				654C10091C23F0010052E1D1 /* Release */,
			);
			defaultConfigurationIsVisible = 0;
			defaultConfigurationName = Release;
		};
		654C100A1C23F0010052E1D1 /* Build configuration list for PBXNativeTarget "j131.tk" */ = {
			isa = XCConfigurationList;
			buildConfigurations = (
				654C100B1C23F0010052E1D1 /* Debug */,
				654C100C1C23F0010052E1D1 /* Release */,
			);
			defaultConfigurationIsVisible = 0;
			defaultConfigurationName = Release;
		};
		654C100D1C23F0010052E1D1 /* Build configuration list for PBXNativeTarget "j131.tkTests" */ = {
			isa = XCConfigurationList;
			buildConfigurations = (
				654C100E1C23F0010052E1D1 /* Debug */,
				654C100F1C23F0010052E1D1 /* Release */,
			);
			defaultConfigurationIsVisible = 0;
			defaultConfigurationName = Release;
		};
		654C10101C23F0010052E1D1 /* Build configuration list for PBXNativeTarget "j131.tkUITests" */ = {
			isa = XCConfigurationList;
			buildConfigurations = (
				654C10111C23F0010052E1D1 /* Debug */,
				654C10121C23F0010052E1D1 /* Release */,
			);
			defaultConfigurationIsVisible = 0;
			defaultConfigurationName = Release;
		};
/* End XCConfigurationList section */
	};
	rootObject = 654C0FDA1C23F0000052E1D1 /* Project object */;
}
